
Microsoft Visual Studio Solution File, Format Version 12.00
# Visual Studio Version 17
VisualStudioVersion = 17.13.35825.156 d17.13
MinimumVisualStudioVersion = 10.0.40219.1
Project("{FAE04EC0-301F-11D3-BF4B-00C04F79EFBC}") = "Sample0101", "Sample0101\Sample0101.csproj", "{A5573B44-51B7-493C-806C-1FD1E80104AE}"
EndProject
Global
	GlobalSection(SolutionConfigurationPlatforms) = preSolution
		Debug|Any CPU = Debug|Any CPU
		Release|Any CPU = Release|Any CPU
	EndGlobalSection
	GlobalSection(ProjectConfigurationPlatforms) = postSolution
		{A5573B44-51B7-493C-806C-1FD1E80104AE}.Debug|Any CPU.ActiveCfg = Debug|Any CPU
		{A5573B44-51B7-493C-806C-1FD1E80104AE}.Debug|Any CPU.Build.0 = Debug|Any CPU
		{A5573B44-51B7-493C-806C-1FD1E80104AE}.Release|Any CPU.ActiveCfg = Release|Any CPU
		{A5573B44-51B7-493C-806C-1FD1E80104AE}.Release|Any CPU.Build.0 = Release|Any CPU
	EndGlobalSection
	GlobalSection(SolutionProperties) = preSolution
		HideSolutionNode = FALSE
	EndGlobalSection
	GlobalSection(ExtensibilityGlobals) = postSolution
		SolutionGuid = {8C3A465A-4D52-4FEB-AAA8-28B5C30C59F0}
	EndGlobalSection
EndGlobal
